// !$*UTF8*$!
{
	archiveVersion = 1;
	classes = {
	};
	objectVersion = 56;
	objects = {

/* Begin PBXBuildFile section */
		46273288294B570A00CA4754 /* InstagramViewController.swift in Sources */ = {isa = PBXBuildFile; fileRef = 46273287294B570A00CA4754 /* InstagramViewController.swift */; };
		4627328B294B59BE00CA4754 /* Post.swift in Sources */ = {isa = PBXBuildFile; fileRef = 4627328A294B59BE00CA4754 /* Post.swift */; };
		46273292294B61A600CA4754 /* InstaPostTableViewCell.swift in Sources */ = {isa = PBXBuildFile; fileRef = 46273290294B61A600CA4754 /* InstaPostTableViewCell.swift */; };
		46273293294B61A600CA4754 /* InstaPostTableViewCell.xib in Resources */ = {isa = PBXBuildFile; fileRef = 46273291294B61A600CA4754 /* InstaPostTableViewCell.xib */; };
		46DC7FB4294B2E7700117BA1 /* AppDelegate.swift in Sources */ = {isa = PBXBuildFile; fileRef = 46DC7FB3294B2E7700117BA1 /* AppDelegate.swift */; };
		46DC7FB6294B2E7700117BA1 /* SceneDelegate.swift in Sources */ = {isa = PBXBuildFile; fileRef = 46DC7FB5294B2E7700117BA1 /* SceneDelegate.swift */; };
		46DC7FBB294B2E7700117BA1 /* Main.storyboard in Resources */ = {isa = PBXBuildFile; fileRef = 46DC7FB9294B2E7700117BA1 /* Main.storyboard */; };
		46DC7FBD294B2E7700117BA1 /* Assets.xcassets in Resources */ = {isa = PBXBuildFile; fileRef = 46DC7FBC294B2E7700117BA1 /* Assets.xcassets */; };
		46DC7FC0294B2E7700117BA1 /* LaunchScreen.storyboard in Resources */ = {isa = PBXBuildFile; fileRef = 46DC7FBE294B2E7700117BA1 /* LaunchScreen.storyboard */; };
		46DC7FCD294B329100117BA1 /* CitiesViewController.swift in Sources */ = {isa = PBXBuildFile; fileRef = 46DC7FCC294B329100117BA1 /* CitiesViewController.swift */; };
		46DC7FCF294B39D400117BA1 /* DetailsViewController.swift in Sources */ = {isa = PBXBuildFile; fileRef = 46DC7FCE294B39D400117BA1 /* DetailsViewController.swift */; };
/* End PBXBuildFile section */

/* Begin PBXFileReference section */
		46273287294B570A00CA4754 /* InstagramViewController.swift */ = {isa = PBXFileReference; lastKnownFileType = sourcecode.swift; path = InstagramViewController.swift; sourceTree = "<group>"; };
		4627328A294B59BE00CA4754 /* Post.swift */ = {isa = PBXFileReference; lastKnownFileType = sourcecode.swift; path = Post.swift; sourceTree = "<group>"; };
		46273290294B61A600CA4754 /* InstaPostTableViewCell.swift */ = {isa = PBXFileReference; lastKnownFileType = sourcecode.swift; path = InstaPostTableViewCell.swift; sourceTree = "<group>"; };
		46273291294B61A600CA4754 /* InstaPostTableViewCell.xib */ = {isa = PBXFileReference; lastKnownFileType = file.xib; path = InstaPostTableViewCell.xib; sourceTree = "<group>"; };
		46DC7FB0294B2E7700117BA1 /* UITableView.app */ = {isa = PBXFileReference; explicitFileType = wrapper.application; includeInIndex = 0; path = UITableView.app; sourceTree = BUILT_PRODUCTS_DIR; };
		46DC7FB3294B2E7700117BA1 /* AppDelegate.swift */ = {isa = PBXFileReference; lastKnownFileType = sourcecode.swift; path = AppDelegate.swift; sourceTree = "<group>"; };
		46DC7FB5294B2E7700117BA1 /* SceneDelegate.swift */ = {isa = PBXFileReference; lastKnownFileType = sourcecode.swift; path = SceneDelegate.swift; sourceTree = "<group>"; };
		46DC7FBA294B2E7700117BA1 /* Base */ = {isa = PBXFileReference; lastKnownFileType = file.storyboard; name = Base; path = Base.lproj/Main.storyboard; sourceTree = "<group>"; };
		46DC7FBC294B2E7700117BA1 /* Assets.xcassets */ = {isa = PBXFileReference; lastKnownFileType = folder.assetcatalog; path = Assets.xcassets; sourceTree = "<group>"; };
		46DC7FBF294B2E7700117BA1 /* Base */ = {isa = PBXFileReference; lastKnownFileType = file.storyboard; name = Base; path = Base.lproj/LaunchScreen.storyboard; sourceTree = "<group>"; };
		46DC7FC1294B2E7700117BA1 /* Info.plist */ = {isa = PBXFileReference; lastKnownFileType = text.plist.xml; path = Info.plist; sourceTree = "<group>"; };
		46DC7FCC294B329100117BA1 /* CitiesViewController.swift */ = {isa = PBXFileReference; lastKnownFileType = sourcecode.swift; path = CitiesViewController.swift; sourceTree = "<group>"; };
		46DC7FCE294B39D400117BA1 /* DetailsViewController.swift */ = {isa = PBXFileReference; lastKnownFileType = sourcecode.swift; path = DetailsViewController.swift; sourceTree = "<group>"; };
/* End PBXFileReference section */

/* Begin PBXFrameworksBuildPhase section */
		46DC7FAD294B2E7700117BA1 /* Frameworks */ = {
			isa = PBXFrameworksBuildPhase;
			buildActionMask = 2147483647;
			files = (
			);
			runOnlyForDeploymentPostprocessing = 0;
		};
/* End PBXFrameworksBuildPhase section */

/* Begin PBXGroup section */
		46273289294B576D00CA4754 /* Views */ = {
			isa = PBXGroup;
			children = (
				46273294294B638000CA4754 /* InstaPostCell */,
			);
			path = Views;
			sourceTree = "<group>";
		};
		46273294294B638000CA4754 /* InstaPostCell */ = {
			isa = PBXGroup;
			children = (
				46273290294B61A600CA4754 /* InstaPostTableViewCell.swift */,
				46273291294B61A600CA4754 /* InstaPostTableViewCell.xib */,
			);
			path = InstaPostCell;
			sourceTree = "<group>";
		};
		46DC7FA7294B2E7700117BA1 = {
			isa = PBXGroup;
			children = (
				46DC7FB2294B2E7700117BA1 /* UITableView */,
				46DC7FB1294B2E7700117BA1 /* Products */,
			);
			sourceTree = "<group>";
		};
		46DC7FB1294B2E7700117BA1 /* Products */ = {
			isa = PBXGroup;
			children = (
				46DC7FB0294B2E7700117BA1 /* UITableView.app */,
			);
			name = Products;
			sourceTree = "<group>";
		};
		46DC7FB2294B2E7700117BA1 /* UITableView */ = {
			isa = PBXGroup;
			children = (
				46DC7FB9294B2E7700117BA1 /* Main.storyboard */,
				46DC7FC7294B2E9800117BA1 /* DefaultFiles */,
				46DC7FC8294B2EDE00117BA1 /* Resources */,
				46DC7FC9294B2F2E00117BA1 /* Simple UITableView */,
				46DC7FD0294B555A00117BA1 /* Instagram */,
			);
			path = UITableView;
			sourceTree = "<group>";
		};
		46DC7FC7294B2E9800117BA1 /* DefaultFiles */ = {
			isa = PBXGroup;
			children = (
				46DC7FB3294B2E7700117BA1 /* AppDelegate.swift */,
				46DC7FB5294B2E7700117BA1 /* SceneDelegate.swift */,
			);
			path = DefaultFiles;
			sourceTree = "<group>";
		};
		46DC7FC8294B2EDE00117BA1 /* Resources */ = {
			isa = PBXGroup;
			children = (
				46DC7FBC294B2E7700117BA1 /* Assets.xcassets */,
				46DC7FBE294B2E7700117BA1 /* LaunchScreen.storyboard */,
				46DC7FC1294B2E7700117BA1 /* Info.plist */,
			);
			path = Resources;
			sourceTree = "<group>";
		};
		46DC7FC9294B2F2E00117BA1 /* Simple UITableView */ = {
			isa = PBXGroup;
			children = (
				46DC7FCB294B322200117BA1 /* Controllers */,
			);
			path = "Simple UITableView";
			sourceTree = "<group>";
		};
		46DC7FCB294B322200117BA1 /* Controllers */ = {
			isa = PBXGroup;
			children = (
				46DC7FCC294B329100117BA1 /* CitiesViewController.swift */,
				46DC7FCE294B39D400117BA1 /* DetailsViewController.swift */,
			);
			path = Controllers;
			sourceTree = "<group>";
		};
		46DC7FD0294B555A00117BA1 /* Instagram */ = {
			isa = PBXGroup;
			children = (
				46DC7FD1294B55D700117BA1 /* Model */,
				46273289294B576D00CA4754 /* Views */,
				46DC7FD2294B55E400117BA1 /* Controllers */,
			);
			path = Instagram;
			sourceTree = "<group>";
		};
		46DC7FD1294B55D700117BA1 /* Model */ = {
			isa = PBXGroup;
			children = (
				4627328A294B59BE00CA4754 /* Post.swift */,
			);
			path = Model;
			sourceTree = "<group>";
		};
		46DC7FD2294B55E400117BA1 /* Controllers */ = {
			isa = PBXGroup;
			children = (
				46273287294B570A00CA4754 /* InstagramViewController.swift */,
			);
			path = Controllers;
			sourceTree = "<group>";
		};
/* End PBXGroup section */

/* Begin PBXNativeTarget section */
		46DC7FAF294B2E7700117BA1 /* UITableView */ = {
			isa = PBXNativeTarget;
			buildConfigurationList = 46DC7FC4294B2E7700117BA1 /* Build configuration list for PBXNativeTarget "UITableView" */;
			buildPhases = (
				46DC7FAC294B2E7700117BA1 /* Sources */,
				46DC7FAD294B2E7700117BA1 /* Frameworks */,
				46DC7FAE294B2E7700117BA1 /* Resources */,
			);
			buildRules = (
			);
			dependencies = (
			);
			name = UITableView;
			productName = UITableView;
			productReference = 46DC7FB0294B2E7700117BA1 /* UITableView.app */;
			productType = "com.apple.product-type.application";
		};
/* End PBXNativeTarget section */

/* Begin PBXProject section */
		46DC7FA8294B2E7700117BA1 /* Project object */ = {
			isa = PBXProject;
			attributes = {
				BuildIndependentTargetsInParallel = 1;
				LastSwiftUpdateCheck = 1410;
				LastUpgradeCheck = 1410;
				TargetAttributes = {
					46DC7FAF294B2E7700117BA1 = {
						CreatedOnToolsVersion = 14.1;
					};
				};
			};
			buildConfigurationList = 46DC7FAB294B2E7700117BA1 /* Build configuration list for PBXProject "UITableView" */;
			compatibilityVersion = "Xcode 14.0";
			developmentRegion = en;
			hasScannedForEncodings = 0;
			knownRegions = (
				en,
				Base,
			);
			mainGroup = 46DC7FA7294B2E7700117BA1;
			productRefGroup = 46DC7FB1294B2E7700117BA1 /* Products */;
			projectDirPath = "";
			projectRoot = "";
			targets = (
				46DC7FAF294B2E7700117BA1 /* UITableView */,
			);
		};
/* End PBXProject section */

/* Begin PBXResourcesBuildPhase section */
		46DC7FAE294B2E7700117BA1 /* Resources */ = {
			isa = PBXResourcesBuildPhase;
			buildActionMask = 2147483647;
			files = (
				46DC7FC0294B2E7700117BA1 /* LaunchScreen.storyboard in Resources */,
				46DC7FBD294B2E7700117BA1 /* Assets.xcassets in Resources */,
				46DC7FBB294B2E7700117BA1 /* Main.storyboard in Resources */,
				46273293294B61A600CA4754 /* InstaPostTableViewCell.xib in Resources */,
			);
			runOnlyForDeploymentPostprocessing = 0;
		};
/* End PBXResourcesBuildPhase section */

/* Begin PBXSourcesBuildPhase section */
		46DC7FAC294B2E7700117BA1 /* Sources */ = {
			isa = PBXSourcesBuildPhase;
			buildActionMask = 2147483647;
			files = (
				46DC7FCD294B329100117BA1 /* CitiesViewController.swift in Sources */,
				46DC7FB4294B2E7700117BA1 /* AppDelegate.swift in Sources */,
				46DC7FB6294B2E7700117BA1 /* SceneDelegate.swift in Sources */,
				46273292294B61A600CA4754 /* InstaPostTableViewCell.swift in Sources */,
				4627328B294B59BE00CA4754 /* Post.swift in Sources */,
				46DC7FCF294B39D400117BA1 /* DetailsViewController.swift in Sources */,
				46273288294B570A00CA4754 /* InstagramViewController.swift in Sources */,
			);
			runOnlyForDeploymentPostprocessing = 0;
		};
/* End PBXSourcesBuildPhase section */

/* Begin PBXVariantGroup section */
		46DC7FB9294B2E7700117BA1 /* Main.storyboard */ = {
			isa = PBXVariantGroup;
			children = (
				46DC7FBA294B2E7700117BA1 /* Base */,
			);
			name = Main.storyboard;
			sourceTree = "<group>";
		};
		46DC7FBE294B2E7700117BA1 /* LaunchScreen.storyboard */ = {
			isa = PBXVariantGroup;
			children = (
				46DC7FBF294B2E7700117BA1 /* Base */,
			);
			name = LaunchScreen.storyboard;
			sourceTree = "<group>";
		};
/* End PBXVariantGroup section */

/* Begin XCBuildConfiguration section */
		46DC7FC2294B2E7700117BA1 /* Debug */ = {
			isa = XCBuildConfiguration;
			buildSettings = {
				ALWAYS_SEARCH_USER_PATHS = NO;
				CLANG_ANALYZER_NONNULL = YES;
				CLANG_ANALYZER_NUMBER_OBJECT_CONVERSION = YES_AGGRESSIVE;
				CLANG_CXX_LANGUAGE_STANDARD = "gnu++20";
				CLANG_ENABLE_MODULES = YES;
				CLANG_ENABLE_OBJC_ARC = YES;
				CLANG_ENABLE_OBJC_WEAK = YES;
				CLANG_WARN_BLOCK_CAPTURE_AUTORELEASING = YES;
				CLANG_WARN_BOOL_CONVERSION = YES;
				CLANG_WARN_COMMA = YES;
				CLANG_WARN_CONSTANT_CONVERSION = YES;
				CLANG_WARN_DEPRECATED_OBJC_IMPLEMENTATIONS = YES;
				CLANG_WARN_DIRECT_OBJC_ISA_USAGE = YES_ERROR;
				CLANG_WARN_DOCUMENTATION_COMMENTS = YES;
				CLANG_WARN_EMPTY_BODY = YES;
				CLANG_WARN_ENUM_CONVERSION = YES;
				CLANG_WARN_INFINITE_RECURSION = YES;
				CLANG_WARN_INT_CONVERSION = YES;
				CLANG_WARN_NON_LITERAL_NULL_CONVERSION = YES;
				CLANG_WARN_OBJC_IMPLICIT_RETAIN_SELF = YES;
				CLANG_WARN_OBJC_LITERAL_CONVERSION = YES;
				CLANG_WARN_OBJC_ROOT_CLASS = YES_ERROR;
				CLANG_WARN_QUOTED_INCLUDE_IN_FRAMEWORK_HEADER = YES;
				CLANG_WARN_RANGE_LOOP_ANALYSIS = YES;
				CLANG_WARN_STRICT_PROTOTYPES = YES;
				CLANG_WARN_SUSPICIOUS_MOVE = YES;
				CLANG_WARN_UNGUARDED_AVAILABILITY = YES_AGGRESSIVE;
				CLANG_WARN_UNREACHABLE_CODE = YES;
				CLANG_WARN__DUPLICATE_METHOD_MATCH = YES;
				COPY_PHASE_STRIP = NO;
				DEBUG_INFORMATION_FORMAT = dwarf;
				ENABLE_STRICT_OBJC_MSGSEND = YES;
				ENABLE_TESTABILITY = YES;
				GCC_C_LANGUAGE_STANDARD = gnu11;
				GCC_DYNAMIC_NO_PIC = NO;
				GCC_NO_COMMON_BLOCKS = YES;
				GCC_OPTIMIZATION_LEVEL = 0;
				GCC_PREPROCESSOR_DEFINITIONS = (
					"DEBUG=1",
					"$(inherited)",
				);
				GCC_WARN_64_TO_32_BIT_CONVERSION = YES;
				GCC_WARN_ABOUT_RETURN_TYPE = YES_ERROR;
				GCC_WARN_UNDECLARED_SELECTOR = YES;
				GCC_WARN_UNINITIALIZED_AUTOS = YES_AGGRESSIVE;
				GCC_WARN_UNUSED_FUNCTION = YES;
				GCC_WARN_UNUSED_VARIABLE = YES;
				IPHONEOS_DEPLOYMENT_TARGET = 16.1;
				MTL_ENABLE_DEBUG_INFO = INCLUDE_SOURCE;
				MTL_FAST_MATH = YES;
				ONLY_ACTIVE_ARCH = YES;
				SDKROOT = iphoneos;
				SWIFT_ACTIVE_COMPILATION_CONDITIONS = DEBUG;
				SWIFT_OPTIMIZATION_LEVEL = "-Onone";
			};
			name = Debug;
		};
		46DC7FC3294B2E7700117BA1 /* Release */ = {
			isa = XCBuildConfiguration;
			buildSettings = {
				ALWAYS_SEARCH_USER_PATHS = NO;
				CLANG_ANALYZER_NONNULL = YES;
				CLANG_ANALYZER_NUMBER_OBJECT_CONVERSION = YES_AGGRESSIVE;
				CLANG_CXX_LANGUAGE_STANDARD = "gnu++20";
				CLANG_ENABLE_MODULES = YES;
				CLANG_ENABLE_OBJC_ARC = YES;
				CLANG_ENABLE_OBJC_WEAK = YES;
				CLANG_WARN_BLOCK_CAPTURE_AUTORELEASING = YES;
				CLANG_WARN_BOOL_CONVERSION = YES;
				CLANG_WARN_COMMA = YES;
				CLANG_WARN_CONSTANT_CONVERSION = YES;
				CLANG_WARN_DEPRECATED_OBJC_IMPLEMENTATIONS = YES;
				CLANG_WARN_DIRECT_OBJC_ISA_USAGE = YES_ERROR;
				CLANG_WARN_DOCUMENTATION_COMMENTS = YES;
				CLANG_WARN_EMPTY_BODY = YES;
				CLANG_WARN_ENUM_CONVERSION = YES;
				CLANG_WARN_INFINITE_RECURSION = YES;
				CLANG_WARN_INT_CONVERSION = YES;
				CLANG_WARN_NON_LITERAL_NULL_CONVERSION = YES;
				CLANG_WARN_OBJC_IMPLICIT_RETAIN_SELF = YES;
				CLANG_WARN_OBJC_LITERAL_CONVERSION = YES;
				CLANG_WARN_OBJC_ROOT_CLASS = YES_ERROR;
				CLANG_WARN_QUOTED_INCLUDE_IN_FRAMEWORK_HEADER = YES;
				CLANG_WARN_RANGE_LOOP_ANALYSIS = YES;
				CLANG_WARN_STRICT_PROTOTYPES = YES;
				CLANG_WARN_SUSPICIOUS_MOVE = YES;
				CLANG_WARN_UNGUARDED_AVAILABILITY = YES_AGGRESSIVE;
				CLANG_WARN_UNREACHABLE_CODE = YES;
				CLANG_WARN__DUPLICATE_METHOD_MATCH = YES;
				COPY_PHASE_STRIP = NO;
				DEBUG_INFORMATION_FORMAT = "dwarf-with-dsym";
				ENABLE_NS_ASSERTIONS = NO;
				ENABLE_STRICT_OBJC_MSGSEND = YES;
				GCC_C_LANGUAGE_STANDARD = gnu11;
				GCC_NO_COMMON_BLOCKS = YES;
				GCC_WARN_64_TO_32_BIT_CONVERSION = YES;
				GCC_WARN_ABOUT_RETURN_TYPE = YES_ERROR;
				GCC_WARN_UNDECLARED_SELECTOR = YES;
				GCC_WARN_UNINITIALIZED_AUTOS = YES_AGGRESSIVE;
				GCC_WARN_UNUSED_FUNCTION = YES;
				GCC_WARN_UNUSED_VARIABLE = YES;
				IPHONEOS_DEPLOYMENT_TARGET = 16.1;
				MTL_ENABLE_DEBUG_INFO = NO;
				MTL_FAST_MATH = YES;
				SDKROOT = iphoneos;
				SWIFT_COMPILATION_MODE = wholemodule;
				SWIFT_OPTIMIZATION_LEVEL = "-O";
				VALIDATE_PRODUCT = YES;
			};
			name = Release;
		};
		46DC7FC5294B2E7700117BA1 /* Debug */ = {
			isa = XCBuildConfiguration;
			buildSettings = {
				ASSETCATALOG_COMPILER_APPICON_NAME = AppIcon;
				ASSETCATALOG_COMPILER_GLOBAL_ACCENT_COLOR_NAME = AccentColor;
				CODE_SIGN_STYLE = Automatic;
				CURRENT_PROJECT_VERSION = 1;
				DEVELOPMENT_TEAM = 2L2N455LK4;
				GENERATE_INFOPLIST_FILE = YES;
				INFOPLIST_FILE = UITableView/Resources/Info.plist;
				INFOPLIST_KEY_UIApplicationSupportsIndirectInputEvents = YES;
				INFOPLIST_KEY_UILaunchStoryboardName = LaunchScreen;
				INFOPLIST_KEY_UIMainStoryboardFile = Main;
				INFOPLIST_KEY_UISupportedInterfaceOrientations = UIInterfaceOrientationPortrait;
				INFOPLIST_KEY_UISupportedInterfaceOrientations_iPad = "UIInterfaceOrientationLandscapeLeft UIInterfaceOrientationLandscapeRight UIInterfaceOrientationPortrait UIInterfaceOrientationPortraitUpsideDown";
				LD_RUNPATH_SEARCH_PATHS = (
					"$(inherited)",
					"@executable_path/Frameworks",
				);
				MARKETING_VERSION = 1.0;
				PRODUCT_BUNDLE_IDENTIFIER = com.MyPersonalTeam.UITableView;
				PRODUCT_NAME = "$(TARGET_NAME)";
				SUPPORTED_PLATFORMS = "iphoneos iphonesimulator";
				SUPPORTS_MACCATALYST = NO;
				SUPPORTS_MAC_DESIGNED_FOR_IPHONE_IPAD = NO;
				SWIFT_EMIT_LOC_STRINGS = YES;
				SWIFT_VERSION = 5.0;
				TARGETED_DEVICE_FAMILY = 1;
			};
			name = Debug;
		};
		46DC7FC6294B2E7700117BA1 /* Release */ = {
			isa = XCBuildConfiguration;
			buildSettings = {
				ASSETCATALOG_COMPILER_APPICON_NAME = AppIcon;
				ASSETCATALOG_COMPILER_GLOBAL_ACCENT_COLOR_NAME = AccentColor;
				CODE_SIGN_STYLE = Automatic;
				CURRENT_PROJECT_VERSION = 1;
				DEVELOPMENT_TEAM = 2L2N455LK4;
				GENERATE_INFOPLIST_FILE = YES;
				INFOPLIST_FILE = UITableView/Resources/Info.plist;
				INFOPLIST_KEY_UIApplicationSupportsIndirectInputEvents = YES;
				INFOPLIST_KEY_UILaunchStoryboardName = LaunchScreen;
				INFOPLIST_KEY_UIMainStoryboardFile = Main;
				INFOPLIST_KEY_UISupportedInterfaceOrientations = UIInterfaceOrientationPortrait;
				INFOPLIST_KEY_UISupportedInterfaceOrientations_iPad = "UIInterfaceOrientationLandscapeLeft UIInterfaceOrientationLandscapeRight UIInterfaceOrientationPortrait UIInterfaceOrientationPortraitUpsideDown";
				LD_RUNPATH_SEARCH_PATHS = (
					"$(inherited)",
					"@executable_path/Frameworks",
				);
				MARKETING_VERSION = 1.0;
				PRODUCT_BUNDLE_IDENTIFIER = com.MyPersonalTeam.UITableView;
				PRODUCT_NAME = "$(TARGET_NAME)";
				SUPPORTED_PLATFORMS = "iphoneos iphonesimulator";
				SUPPORTS_MACCATALYST = NO;
				SUPPORTS_MAC_DESIGNED_FOR_IPHONE_IPAD = NO;
				SWIFT_EMIT_LOC_STRINGS = YES;
				SWIFT_VERSION = 5.0;
				TARGETED_DEVICE_FAMILY = 1;
			};
			name = Release;
		};
/* End XCBuildConfiguration section */

/* Begin XCConfigurationList section */
		46DC7FAB294B2E7700117BA1 /* Build configuration list for PBXProject "UITableView" */ = {
			isa = XCConfigurationList;
			buildConfigurations = (
				46DC7FC2294B2E7700117BA1 /* Debug */,
				46DC7FC3294B2E7700117BA1 /* Release */,
			);
			defaultConfigurationIsVisible = 0;
			defaultConfigurationName = Release;
		};
		46DC7FC4294B2E7700117BA1 /* Build configuration list for PBXNativeTarget "UITableView" */ = {
			isa = XCConfigurationList;
			buildConfigurations = (
				46DC7FC5294B2E7700117BA1 /* Debug */,
				46DC7FC6294B2E7700117BA1 /* Release */,
			);
			defaultConfigurationIsVisible = 0;
			defaultConfigurationName = Release;
		};
/* End XCConfigurationList section */
	};
	rootObject = 46DC7FA8294B2E7700117BA1 /* Project object */;
}
