// !$*UTF8*$!
{
	archiveVersion = 1;
	classes = {
	};
	objectVersion = 55;
	objects = {

/* Begin PBXBuildFile section */
		0EC932C862DE0459A4DF2786 /* Pods_Popular_Movies.framework in Frameworks */ = {isa = PBXBuildFile; fileRef = 45B3F43CF5B5D94E376CBDA9 /* Pods_Popular_Movies.framework */; };
		462B8F99296EC543005D867C /* RealmPosterImage.swift in Sources */ = {isa = PBXBuildFile; fileRef = 462B8F98296EC543005D867C /* RealmPosterImage.swift */; };
		462B8F9B296EC55C005D867C /* RealmBackdropImage.swift in Sources */ = {isa = PBXBuildFile; fileRef = 462B8F9A296EC55C005D867C /* RealmBackdropImage.swift */; };
		462B8F9D296EC6C4005D867C /* StandartActivityIndicator.swift in Sources */ = {isa = PBXBuildFile; fileRef = 462B8F9C296EC6C4005D867C /* StandartActivityIndicator.swift */; };
		462B8FA0296EEB96005D867C /* StorageManager.swift in Sources */ = {isa = PBXBuildFile; fileRef = 462B8F9F296EEB96005D867C /* StorageManager.swift */; };
		466107D8296D91CD008CAFC3 /* RealmCollection+convertToArray.swift in Sources */ = {isa = PBXBuildFile; fileRef = 466107D7296D91CD008CAFC3 /* RealmCollection+convertToArray.swift */; };
		466107DB296D9644008CAFC3 /* NetworkManager.swift in Sources */ = {isa = PBXBuildFile; fileRef = 466107DA296D9644008CAFC3 /* NetworkManager.swift */; };
		46A6CD86296C496500F13784 /* RealmMovie.swift in Sources */ = {isa = PBXBuildFile; fileRef = 46A6CD85296C496500F13784 /* RealmMovie.swift */; };
		46A6CD8C296C5A6A00F13784 /* RealmGenre.swift in Sources */ = {isa = PBXBuildFile; fileRef = 46A6CD8B296C5A6A00F13784 /* RealmGenre.swift */; };
		46C6EDDF296836DC00295676 /* AppDelegate.swift in Sources */ = {isa = PBXBuildFile; fileRef = 46C6EDDE296836DC00295676 /* AppDelegate.swift */; };
		46C6EDE1296836DC00295676 /* SceneDelegate.swift in Sources */ = {isa = PBXBuildFile; fileRef = 46C6EDE0296836DC00295676 /* SceneDelegate.swift */; };
		46C6EDE3296836DC00295676 /* PopularMoviesViewController.swift in Sources */ = {isa = PBXBuildFile; fileRef = 46C6EDE2296836DC00295676 /* PopularMoviesViewController.swift */; };
		46C6EDE8296836DC00295676 /* Assets.xcassets in Resources */ = {isa = PBXBuildFile; fileRef = 46C6EDE7296836DC00295676 /* Assets.xcassets */; };
		46C6EDEB296836DC00295676 /* LaunchScreen.storyboard in Resources */ = {isa = PBXBuildFile; fileRef = 46C6EDE9296836DC00295676 /* LaunchScreen.storyboard */; };
		46C6EDF8296839F700295676 /* TrendsResponse.swift in Sources */ = {isa = PBXBuildFile; fileRef = 46C6EDF7296839F700295676 /* TrendsResponse.swift */; };
		46C6EDFA29683A1A00295676 /* GenresResponse.swift in Sources */ = {isa = PBXBuildFile; fileRef = 46C6EDF929683A1A00295676 /* GenresResponse.swift */; };
		46C6EDFC29683A5900295676 /* MovieCollectionViewCell.swift in Sources */ = {isa = PBXBuildFile; fileRef = 46C6EDFB29683A5900295676 /* MovieCollectionViewCell.swift */; };
		46C6EDFE29683FCF00295676 /* DetailsViewController.swift in Sources */ = {isa = PBXBuildFile; fileRef = 46C6EDFD29683FCF00295676 /* DetailsViewController.swift */; };
		46CAB8A329685FF30075B722 /* StandartStackView.swift in Sources */ = {isa = PBXBuildFile; fileRef = 46CAB8A229685FF30075B722 /* StandartStackView.swift */; };
		46CAB8A5296860FF0075B722 /* SubtitleLabel.swift in Sources */ = {isa = PBXBuildFile; fileRef = 46CAB8A4296860FF0075B722 /* SubtitleLabel.swift */; };
		46CAB8A7296862B60075B722 /* StandartLabel.swift in Sources */ = {isa = PBXBuildFile; fileRef = 46CAB8A6296862B60075B722 /* StandartLabel.swift */; };
		46CAB8A929686C370075B722 /* TitleLabel.swift in Sources */ = {isa = PBXBuildFile; fileRef = 46CAB8A829686C370075B722 /* TitleLabel.swift */; };
/* End PBXBuildFile section */

/* Begin PBXFileReference section */
		45B3F43CF5B5D94E376CBDA9 /* Pods_Popular_Movies.framework */ = {isa = PBXFileReference; explicitFileType = wrapper.framework; includeInIndex = 0; path = Pods_Popular_Movies.framework; sourceTree = BUILT_PRODUCTS_DIR; };
		462B8F98296EC543005D867C /* RealmPosterImage.swift */ = {isa = PBXFileReference; lastKnownFileType = sourcecode.swift; path = RealmPosterImage.swift; sourceTree = "<group>"; };
		462B8F9A296EC55C005D867C /* RealmBackdropImage.swift */ = {isa = PBXFileReference; lastKnownFileType = sourcecode.swift; path = RealmBackdropImage.swift; sourceTree = "<group>"; };
		462B8F9C296EC6C4005D867C /* StandartActivityIndicator.swift */ = {isa = PBXFileReference; lastKnownFileType = sourcecode.swift; path = StandartActivityIndicator.swift; sourceTree = "<group>"; };
		462B8F9F296EEB96005D867C /* StorageManager.swift */ = {isa = PBXFileReference; lastKnownFileType = sourcecode.swift; path = StorageManager.swift; sourceTree = "<group>"; };
		466107D7296D91CD008CAFC3 /* RealmCollection+convertToArray.swift */ = {isa = PBXFileReference; lastKnownFileType = sourcecode.swift; path = "RealmCollection+convertToArray.swift"; sourceTree = "<group>"; };
		466107DA296D9644008CAFC3 /* NetworkManager.swift */ = {isa = PBXFileReference; lastKnownFileType = sourcecode.swift; path = NetworkManager.swift; sourceTree = "<group>"; };
		46A6CD85296C496500F13784 /* RealmMovie.swift */ = {isa = PBXFileReference; lastKnownFileType = sourcecode.swift; path = RealmMovie.swift; sourceTree = "<group>"; };
		46A6CD8B296C5A6A00F13784 /* RealmGenre.swift */ = {isa = PBXFileReference; lastKnownFileType = sourcecode.swift; path = RealmGenre.swift; sourceTree = "<group>"; };
		46C6EDDE296836DC00295676 /* AppDelegate.swift */ = {isa = PBXFileReference; lastKnownFileType = sourcecode.swift; path = AppDelegate.swift; sourceTree = "<group>"; };
		46C6EDE0296836DC00295676 /* SceneDelegate.swift */ = {isa = PBXFileReference; lastKnownFileType = sourcecode.swift; path = SceneDelegate.swift; sourceTree = "<group>"; };
		46C6EDE2296836DC00295676 /* PopularMoviesViewController.swift */ = {isa = PBXFileReference; lastKnownFileType = sourcecode.swift; path = PopularMoviesViewController.swift; sourceTree = "<group>"; };
		46C6EDE7296836DC00295676 /* Assets.xcassets */ = {isa = PBXFileReference; lastKnownFileType = folder.assetcatalog; path = Assets.xcassets; sourceTree = "<group>"; };
		46C6EDEA296836DC00295676 /* Base */ = {isa = PBXFileReference; lastKnownFileType = file.storyboard; name = Base; path = Base.lproj/LaunchScreen.storyboard; sourceTree = "<group>"; };
		46C6EDEC296836DC00295676 /* Info.plist */ = {isa = PBXFileReference; lastKnownFileType = text.plist.xml; path = Info.plist; sourceTree = "<group>"; };
		46C6EDF7296839F700295676 /* TrendsResponse.swift */ = {isa = PBXFileReference; lastKnownFileType = sourcecode.swift; path = TrendsResponse.swift; sourceTree = "<group>"; };
		46C6EDF929683A1A00295676 /* GenresResponse.swift */ = {isa = PBXFileReference; lastKnownFileType = sourcecode.swift; path = GenresResponse.swift; sourceTree = "<group>"; };
		46C6EDFB29683A5900295676 /* MovieCollectionViewCell.swift */ = {isa = PBXFileReference; lastKnownFileType = sourcecode.swift; path = MovieCollectionViewCell.swift; sourceTree = "<group>"; };
		46C6EDFD29683FCF00295676 /* DetailsViewController.swift */ = {isa = PBXFileReference; lastKnownFileType = sourcecode.swift; path = DetailsViewController.swift; sourceTree = "<group>"; };
		46CAB8A229685FF30075B722 /* StandartStackView.swift */ = {isa = PBXFileReference; lastKnownFileType = sourcecode.swift; path = StandartStackView.swift; sourceTree = "<group>"; };
		46CAB8A4296860FF0075B722 /* SubtitleLabel.swift */ = {isa = PBXFileReference; lastKnownFileType = sourcecode.swift; path = SubtitleLabel.swift; sourceTree = "<group>"; };
		46CAB8A6296862B60075B722 /* StandartLabel.swift */ = {isa = PBXFileReference; lastKnownFileType = sourcecode.swift; path = StandartLabel.swift; sourceTree = "<group>"; };
		46CAB8A829686C370075B722 /* TitleLabel.swift */ = {isa = PBXFileReference; lastKnownFileType = sourcecode.swift; path = TitleLabel.swift; sourceTree = "<group>"; };
		46F94581296C40CC00163B54 /* Popular Movies.app */ = {isa = PBXFileReference; explicitFileType = wrapper.application; includeInIndex = 0; path = "Popular Movies.app"; sourceTree = BUILT_PRODUCTS_DIR; };
		735E6030ECCA82CF9D058A81 /* Pods-Popular Movies.debug.xcconfig */ = {isa = PBXFileReference; includeInIndex = 1; lastKnownFileType = text.xcconfig; name = "Pods-Popular Movies.debug.xcconfig"; path = "Target Support Files/Pods-Popular Movies/Pods-Popular Movies.debug.xcconfig"; sourceTree = "<group>"; };
		E8E002D2F2D841EA4C7141A4 /* Pods-Popular Movies.release.xcconfig */ = {isa = PBXFileReference; includeInIndex = 1; lastKnownFileType = text.xcconfig; name = "Pods-Popular Movies.release.xcconfig"; path = "Target Support Files/Pods-Popular Movies/Pods-Popular Movies.release.xcconfig"; sourceTree = "<group>"; };
/* End PBXFileReference section */

/* Begin PBXFrameworksBuildPhase section */
		46C6EDD8296836DC00295676 /* Frameworks */ = {
			isa = PBXFrameworksBuildPhase;
			buildActionMask = 2147483647;
			files = (
				0EC932C862DE0459A4DF2786 /* Pods_Popular_Movies.framework in Frameworks */,
			);
			runOnlyForDeploymentPostprocessing = 0;
		};
/* End PBXFrameworksBuildPhase section */

/* Begin PBXGroup section */
		462B8F97296EC51E005D867C /* Images */ = {
			isa = PBXGroup;
			children = (
				462B8F98296EC543005D867C /* RealmPosterImage.swift */,
				462B8F9A296EC55C005D867C /* RealmBackdropImage.swift */,
			);
			path = Images;
			sourceTree = "<group>";
		};
		462B8F9E296EEB7E005D867C /* Storage */ = {
			isa = PBXGroup;
			children = (
				462B8F9F296EEB96005D867C /* StorageManager.swift */,
			);
			path = Storage;
			sourceTree = "<group>";
		};
		466107D9296D960F008CAFC3 /* Network */ = {
			isa = PBXGroup;
			children = (
				466107DA296D9644008CAFC3 /* NetworkManager.swift */,
			);
			path = Network;
			sourceTree = "<group>";
		};
		466107DC296D9AD4008CAFC3 /* Core */ = {
			isa = PBXGroup;
			children = (
				466107D7296D91CD008CAFC3 /* RealmCollection+convertToArray.swift */,
			);
			path = Core;
			sourceTree = "<group>";
		};
		46A6CD87296C4EDD00F13784 /* ResponseModels */ = {
			isa = PBXGroup;
			children = (
				46C6EDF7296839F700295676 /* TrendsResponse.swift */,
				46C6EDF929683A1A00295676 /* GenresResponse.swift */,
			);
			path = ResponseModels;
			sourceTree = "<group>";
		};
		46A6CD88296C4F0800F13784 /* RealmModels */ = {
			isa = PBXGroup;
			children = (
				46A6CD85296C496500F13784 /* RealmMovie.swift */,
				46A6CD8B296C5A6A00F13784 /* RealmGenre.swift */,
				462B8F97296EC51E005D867C /* Images */,
			);
			path = RealmModels;
			sourceTree = "<group>";
		};
		46C6EDD2296836DC00295676 = {
			isa = PBXGroup;
			children = (
				46C6EDDD296836DC00295676 /* Popular Movies */,
				98B14951607701D84A4819A5 /* Pods */,
				4D588B8B6B56D643732B496E /* Frameworks */,
				46F94581296C40CC00163B54 /* Popular Movies.app */,
			);
			sourceTree = "<group>";
		};
		46C6EDDD296836DC00295676 /* Popular Movies */ = {
			isa = PBXGroup;
			children = (
				46C6EDF32968373200295676 /* Resources */,
				46C6EDF2296836F600295676 /* DefaultFiles */,
				466107DC296D9AD4008CAFC3 /* Core */,
				46C6EDF5296839B000295676 /* Models */,
				46C6EDF6296839B900295676 /* Views */,
				46C6EDF4296838C200295676 /* Controllers */,
			);
			path = "Popular Movies";
			sourceTree = "<group>";
		};
		46C6EDF2296836F600295676 /* DefaultFiles */ = {
			isa = PBXGroup;
			children = (
				46C6EDDE296836DC00295676 /* AppDelegate.swift */,
				46C6EDE0296836DC00295676 /* SceneDelegate.swift */,
			);
			path = DefaultFiles;
			sourceTree = "<group>";
		};
		46C6EDF32968373200295676 /* Resources */ = {
			isa = PBXGroup;
			children = (
				46C6EDE7296836DC00295676 /* Assets.xcassets */,
				46C6EDE9296836DC00295676 /* LaunchScreen.storyboard */,
				46C6EDEC296836DC00295676 /* Info.plist */,
			);
			path = Resources;
			sourceTree = "<group>";
		};
		46C6EDF4296838C200295676 /* Controllers */ = {
			isa = PBXGroup;
			children = (
				46C6EDE2296836DC00295676 /* PopularMoviesViewController.swift */,
				46C6EDFD29683FCF00295676 /* DetailsViewController.swift */,
			);
			path = Controllers;
			sourceTree = "<group>";
		};
		46C6EDF5296839B000295676 /* Models */ = {
			isa = PBXGroup;
			children = (
				462B8F9E296EEB7E005D867C /* Storage */,
				466107D9296D960F008CAFC3 /* Network */,
				46A6CD87296C4EDD00F13784 /* ResponseModels */,
				46A6CD88296C4F0800F13784 /* RealmModels */,
			);
			path = Models;
			sourceTree = "<group>";
		};
		46C6EDF6296839B900295676 /* Views */ = {
			isa = PBXGroup;
			children = (
				46CAB8A229685FF30075B722 /* StandartStackView.swift */,
				462B8F9C296EC6C4005D867C /* StandartActivityIndicator.swift */,
				46CAB89F29685F3B0075B722 /* Cells */,
				46CAB8AA29686FA90075B722 /* Labels */,
			);
			path = Views;
			sourceTree = "<group>";
		};
		46CAB89F29685F3B0075B722 /* Cells */ = {
			isa = PBXGroup;
			children = (
				46C6EDFB29683A5900295676 /* MovieCollectionViewCell.swift */,
			);
			path = Cells;
			sourceTree = "<group>";
		};
		46CAB8AA29686FA90075B722 /* Labels */ = {
			isa = PBXGroup;
			children = (
				46CAB8A829686C370075B722 /* TitleLabel.swift */,
				46CAB8A4296860FF0075B722 /* SubtitleLabel.swift */,
				46CAB8A6296862B60075B722 /* StandartLabel.swift */,
			);
			path = Labels;
			sourceTree = "<group>";
		};
		4D588B8B6B56D643732B496E /* Frameworks */ = {
			isa = PBXGroup;
			children = (
				45B3F43CF5B5D94E376CBDA9 /* Pods_Popular_Movies.framework */,
			);
			name = Frameworks;
			sourceTree = "<group>";
		};
		98B14951607701D84A4819A5 /* Pods */ = {
			isa = PBXGroup;
			children = (
				735E6030ECCA82CF9D058A81 /* Pods-Popular Movies.debug.xcconfig */,
				E8E002D2F2D841EA4C7141A4 /* Pods-Popular Movies.release.xcconfig */,
			);
			path = Pods;
			sourceTree = "<group>";
		};
/* End PBXGroup section */

/* Begin PBXNativeTarget section */
		46C6EDDA296836DC00295676 /* Popular Movies */ = {
			isa = PBXNativeTarget;
			buildConfigurationList = 46C6EDEF296836DC00295676 /* Build configuration list for PBXNativeTarget "Popular Movies" */;
			buildPhases = (
				7D151E0A28F9DC3A6C62E1E6 /* [CP] Check Pods Manifest.lock */,
				46C6EDD7296836DC00295676 /* Sources */,
				46C6EDD8296836DC00295676 /* Frameworks */,
				46C6EDD9296836DC00295676 /* Resources */,
				88DD2551D43D5EAD5410B2D9 /* [CP] Embed Pods Frameworks */,
			);
			buildRules = (
			);
			dependencies = (
			);
			name = "Popular Movies";
			productName = "Popular Movies";
			productReference = 46F94581296C40CC00163B54 /* Popular Movies.app */;
			productType = "com.apple.product-type.application";
		};
/* End PBXNativeTarget section */

/* Begin PBXProject section */
		46C6EDD3296836DC00295676 /* Project object */ = {
			isa = PBXProject;
			attributes = {
				BuildIndependentTargetsInParallel = 1;
				LastSwiftUpdateCheck = 1410;
				LastUpgradeCheck = 1410;
				TargetAttributes = {
					46C6EDDA296836DC00295676 = {
						CreatedOnToolsVersion = 14.1;
					};
				};
			};
			buildConfigurationList = 46C6EDD6296836DC00295676 /* Build configuration list for PBXProject "Popular Movies" */;
			compatibilityVersion = "Xcode 13.0";
			developmentRegion = en;
			hasScannedForEncodings = 0;
			knownRegions = (
				en,
				Base,
			);
			mainGroup = 46C6EDD2296836DC00295676;
			productRefGroup = 46C6EDD2296836DC00295676;
			projectDirPath = "";
			projectRoot = "";
			targets = (
				46C6EDDA296836DC00295676 /* Popular Movies */,
			);
		};
/* End PBXProject section */

/* Begin PBXResourcesBuildPhase section */
		46C6EDD9296836DC00295676 /* Resources */ = {
			isa = PBXResourcesBuildPhase;
			buildActionMask = 2147483647;
			files = (
				46C6EDEB296836DC00295676 /* LaunchScreen.storyboard in Resources */,
				46C6EDE8296836DC00295676 /* Assets.xcassets in Resources */,
			);
			runOnlyForDeploymentPostprocessing = 0;
		};
/* End PBXResourcesBuildPhase section */

/* Begin PBXShellScriptBuildPhase section */
		7D151E0A28F9DC3A6C62E1E6 /* [CP] Check Pods Manifest.lock */ = {
			isa = PBXShellScriptBuildPhase;
			buildActionMask = 2147483647;
			files = (
			);
			inputFileListPaths = (
			);
			inputPaths = (
				"${PODS_PODFILE_DIR_PATH}/Podfile.lock",
				"${PODS_ROOT}/Manifest.lock",
			);
			name = "[CP] Check Pods Manifest.lock";
			outputFileListPaths = (
			);
			outputPaths = (
				"$(DERIVED_FILE_DIR)/Pods-Popular Movies-checkManifestLockResult.txt",
			);
			runOnlyForDeploymentPostprocessing = 0;
			shellPath = /bin/sh;
			shellScript = "diff \"${PODS_PODFILE_DIR_PATH}/Podfile.lock\" \"${PODS_ROOT}/Manifest.lock\" > /dev/null\nif [ $? != 0 ] ; then\n    # print error to STDERR\n    echo \"error: The sandbox is not in sync with the Podfile.lock. Run 'pod install' or update your CocoaPods installation.\" >&2\n    exit 1\nfi\n# This output is used by Xcode 'outputs' to avoid re-running this script phase.\necho \"SUCCESS\" > \"${SCRIPT_OUTPUT_FILE_0}\"\n";
			showEnvVarsInLog = 0;
		};
		88DD2551D43D5EAD5410B2D9 /* [CP] Embed Pods Frameworks */ = {
			isa = PBXShellScriptBuildPhase;
			buildActionMask = 2147483647;
			files = (
			);
			inputFileListPaths = (
				"${PODS_ROOT}/Target Support Files/Pods-Popular Movies/Pods-Popular Movies-frameworks-${CONFIGURATION}-input-files.xcfilelist",
			);
			name = "[CP] Embed Pods Frameworks";
			outputFileListPaths = (
				"${PODS_ROOT}/Target Support Files/Pods-Popular Movies/Pods-Popular Movies-frameworks-${CONFIGURATION}-output-files.xcfilelist",
			);
			runOnlyForDeploymentPostprocessing = 0;
			shellPath = /bin/sh;
			shellScript = "\"${PODS_ROOT}/Target Support Files/Pods-Popular Movies/Pods-Popular Movies-frameworks.sh\"\n";
			showEnvVarsInLog = 0;
		};
/* End PBXShellScriptBuildPhase section */

/* Begin PBXSourcesBuildPhase section */
		46C6EDD7296836DC00295676 /* Sources */ = {
			isa = PBXSourcesBuildPhase;
			buildActionMask = 2147483647;
			files = (
				46A6CD8C296C5A6A00F13784 /* RealmGenre.swift in Sources */,
				46C6EDE3296836DC00295676 /* PopularMoviesViewController.swift in Sources */,
				46CAB8A7296862B60075B722 /* StandartLabel.swift in Sources */,
				46CAB8A5296860FF0075B722 /* SubtitleLabel.swift in Sources */,
				46C6EDFA29683A1A00295676 /* GenresResponse.swift in Sources */,
				46CAB8A929686C370075B722 /* TitleLabel.swift in Sources */,
				46A6CD86296C496500F13784 /* RealmMovie.swift in Sources */,
				46C6EDDF296836DC00295676 /* AppDelegate.swift in Sources */,
				46C6EDFC29683A5900295676 /* MovieCollectionViewCell.swift in Sources */,
				462B8FA0296EEB96005D867C /* StorageManager.swift in Sources */,
				466107D8296D91CD008CAFC3 /* RealmCollection+convertToArray.swift in Sources */,
				466107DB296D9644008CAFC3 /* NetworkManager.swift in Sources */,
				462B8F9D296EC6C4005D867C /* StandartActivityIndicator.swift in Sources */,
				46CAB8A329685FF30075B722 /* StandartStackView.swift in Sources */,
				46C6EDFE29683FCF00295676 /* DetailsViewController.swift in Sources */,
				46C6EDE1296836DC00295676 /* SceneDelegate.swift in Sources */,
				46C6EDF8296839F700295676 /* TrendsResponse.swift in Sources */,
				462B8F9B296EC55C005D867C /* RealmBackdropImage.swift in Sources */,
				462B8F99296EC543005D867C /* RealmPosterImage.swift in Sources */,
			);
			runOnlyForDeploymentPostprocessing = 0;
		};
/* End PBXSourcesBuildPhase section */

/* Begin PBXVariantGroup section */
		46C6EDE9296836DC00295676 /* LaunchScreen.storyboard */ = {
			isa = PBXVariantGroup;
			children = (
				46C6EDEA296836DC00295676 /* Base */,
			);
			name = LaunchScreen.storyboard;
			sourceTree = "<group>";
		};
/* End PBXVariantGroup section */

/* Begin XCBuildConfiguration section */
		46C6EDED296836DC00295676 /* Debug */ = {
			isa = XCBuildConfiguration;
			buildSettings = {
				ALWAYS_SEARCH_USER_PATHS = NO;
				CLANG_ANALYZER_NONNULL = YES;
				CLANG_ANALYZER_NUMBER_OBJECT_CONVERSION = YES_AGGRESSIVE;
				CLANG_CXX_LANGUAGE_STANDARD = "gnu++20";
				CLANG_ENABLE_MODULES = YES;
				CLANG_ENABLE_OBJC_ARC = YES;
				CLANG_ENABLE_OBJC_WEAK = YES;
				CLANG_WARN_BLOCK_CAPTURE_AUTORELEASING = YES;
				CLANG_WARN_BOOL_CONVERSION = YES;
				CLANG_WARN_COMMA = YES;
				CLANG_WARN_CONSTANT_CONVERSION = YES;
				CLANG_WARN_DEPRECATED_OBJC_IMPLEMENTATIONS = YES;
				CLANG_WARN_DIRECT_OBJC_ISA_USAGE = YES_ERROR;
				CLANG_WARN_DOCUMENTATION_COMMENTS = YES;
				CLANG_WARN_EMPTY_BODY = YES;
				CLANG_WARN_ENUM_CONVERSION = YES;
				CLANG_WARN_INFINITE_RECURSION = YES;
				CLANG_WARN_INT_CONVERSION = YES;
				CLANG_WARN_NON_LITERAL_NULL_CONVERSION = YES;
				CLANG_WARN_OBJC_IMPLICIT_RETAIN_SELF = YES;
				CLANG_WARN_OBJC_LITERAL_CONVERSION = YES;
				CLANG_WARN_OBJC_ROOT_CLASS = YES_ERROR;
				CLANG_WARN_QUOTED_INCLUDE_IN_FRAMEWORK_HEADER = YES;
				CLANG_WARN_RANGE_LOOP_ANALYSIS = YES;
				CLANG_WARN_STRICT_PROTOTYPES = YES;
				CLANG_WARN_SUSPICIOUS_MOVE = YES;
				CLANG_WARN_UNGUARDED_AVAILABILITY = YES_AGGRESSIVE;
				CLANG_WARN_UNREACHABLE_CODE = YES;
				CLANG_WARN__DUPLICATE_METHOD_MATCH = YES;
				COPY_PHASE_STRIP = NO;
				DEBUG_INFORMATION_FORMAT = dwarf;
				ENABLE_STRICT_OBJC_MSGSEND = YES;
				ENABLE_TESTABILITY = YES;
				GCC_C_LANGUAGE_STANDARD = gnu11;
				GCC_DYNAMIC_NO_PIC = NO;
				GCC_NO_COMMON_BLOCKS = YES;
				GCC_OPTIMIZATION_LEVEL = 0;
				GCC_PREPROCESSOR_DEFINITIONS = (
					"DEBUG=1",
					"$(inherited)",
				);
				GCC_WARN_64_TO_32_BIT_CONVERSION = YES;
				GCC_WARN_ABOUT_RETURN_TYPE = YES_ERROR;
				GCC_WARN_UNDECLARED_SELECTOR = YES;
				GCC_WARN_UNINITIALIZED_AUTOS = YES_AGGRESSIVE;
				GCC_WARN_UNUSED_FUNCTION = YES;
				GCC_WARN_UNUSED_VARIABLE = YES;
				IPHONEOS_DEPLOYMENT_TARGET = 16.1;
				MTL_ENABLE_DEBUG_INFO = INCLUDE_SOURCE;
				MTL_FAST_MATH = YES;
				ONLY_ACTIVE_ARCH = YES;
				SDKROOT = iphoneos;
				SWIFT_ACTIVE_COMPILATION_CONDITIONS = DEBUG;
				SWIFT_OPTIMIZATION_LEVEL = "-Onone";
			};
			name = Debug;
		};
		46C6EDEE296836DC00295676 /* Release */ = {
			isa = XCBuildConfiguration;
			buildSettings = {
				ALWAYS_SEARCH_USER_PATHS = NO;
				CLANG_ANALYZER_NONNULL = YES;
				CLANG_ANALYZER_NUMBER_OBJECT_CONVERSION = YES_AGGRESSIVE;
				CLANG_CXX_LANGUAGE_STANDARD = "gnu++20";
				CLANG_ENABLE_MODULES = YES;
				CLANG_ENABLE_OBJC_ARC = YES;
				CLANG_ENABLE_OBJC_WEAK = YES;
				CLANG_WARN_BLOCK_CAPTURE_AUTORELEASING = YES;
				CLANG_WARN_BOOL_CONVERSION = YES;
				CLANG_WARN_COMMA = YES;
				CLANG_WARN_CONSTANT_CONVERSION = YES;
				CLANG_WARN_DEPRECATED_OBJC_IMPLEMENTATIONS = YES;
				CLANG_WARN_DIRECT_OBJC_ISA_USAGE = YES_ERROR;
				CLANG_WARN_DOCUMENTATION_COMMENTS = YES;
				CLANG_WARN_EMPTY_BODY = YES;
				CLANG_WARN_ENUM_CONVERSION = YES;
				CLANG_WARN_INFINITE_RECURSION = YES;
				CLANG_WARN_INT_CONVERSION = YES;
				CLANG_WARN_NON_LITERAL_NULL_CONVERSION = YES;
				CLANG_WARN_OBJC_IMPLICIT_RETAIN_SELF = YES;
				CLANG_WARN_OBJC_LITERAL_CONVERSION = YES;
				CLANG_WARN_OBJC_ROOT_CLASS = YES_ERROR;
				CLANG_WARN_QUOTED_INCLUDE_IN_FRAMEWORK_HEADER = YES;
				CLANG_WARN_RANGE_LOOP_ANALYSIS = YES;
				CLANG_WARN_STRICT_PROTOTYPES = YES;
				CLANG_WARN_SUSPICIOUS_MOVE = YES;
				CLANG_WARN_UNGUARDED_AVAILABILITY = YES_AGGRESSIVE;
				CLANG_WARN_UNREACHABLE_CODE = YES;
				CLANG_WARN__DUPLICATE_METHOD_MATCH = YES;
				COPY_PHASE_STRIP = NO;
				DEBUG_INFORMATION_FORMAT = "dwarf-with-dsym";
				ENABLE_NS_ASSERTIONS = NO;
				ENABLE_STRICT_OBJC_MSGSEND = YES;
				GCC_C_LANGUAGE_STANDARD = gnu11;
				GCC_NO_COMMON_BLOCKS = YES;
				GCC_WARN_64_TO_32_BIT_CONVERSION = YES;
				GCC_WARN_ABOUT_RETURN_TYPE = YES_ERROR;
				GCC_WARN_UNDECLARED_SELECTOR = YES;
				GCC_WARN_UNINITIALIZED_AUTOS = YES_AGGRESSIVE;
				GCC_WARN_UNUSED_FUNCTION = YES;
				GCC_WARN_UNUSED_VARIABLE = YES;
				IPHONEOS_DEPLOYMENT_TARGET = 16.1;
				MTL_ENABLE_DEBUG_INFO = NO;
				MTL_FAST_MATH = YES;
				SDKROOT = iphoneos;
				SWIFT_COMPILATION_MODE = wholemodule;
				SWIFT_OPTIMIZATION_LEVEL = "-O";
				VALIDATE_PRODUCT = YES;
			};
			name = Release;
		};
		46C6EDF0296836DC00295676 /* Debug */ = {
			isa = XCBuildConfiguration;
			baseConfigurationReference = 735E6030ECCA82CF9D058A81 /* Pods-Popular Movies.debug.xcconfig */;
			buildSettings = {
				ASSETCATALOG_COMPILER_APPICON_NAME = AppIcon;
				ASSETCATALOG_COMPILER_GLOBAL_ACCENT_COLOR_NAME = AccentColor;
				CODE_SIGN_STYLE = Automatic;
				CURRENT_PROJECT_VERSION = 1;
				DEVELOPMENT_TEAM = 2L2N455LK4;
				GENERATE_INFOPLIST_FILE = YES;
				INFOPLIST_FILE = "Popular Movies/Resources/Info.plist";
				INFOPLIST_KEY_UIApplicationSupportsIndirectInputEvents = YES;
				INFOPLIST_KEY_UILaunchStoryboardName = LaunchScreen;
				INFOPLIST_KEY_UISupportedInterfaceOrientations = UIInterfaceOrientationPortrait;
				INFOPLIST_KEY_UISupportedInterfaceOrientations_iPad = "UIInterfaceOrientationLandscapeLeft UIInterfaceOrientationLandscapeRight UIInterfaceOrientationPortrait UIInterfaceOrientationPortraitUpsideDown";
				IPHONEOS_DEPLOYMENT_TARGET = 13.0;
				LD_RUNPATH_SEARCH_PATHS = (
					"$(inherited)",
					"@executable_path/Frameworks",
				);
				MARKETING_VERSION = 1.0;
				PRODUCT_BUNDLE_IDENTIFIER = "com.MyPersonalTeam.Popular-Movies";
				PRODUCT_NAME = "$(TARGET_NAME)";
				SUPPORTED_PLATFORMS = "iphoneos iphonesimulator";
				SUPPORTS_MACCATALYST = NO;
				SUPPORTS_MAC_DESIGNED_FOR_IPHONE_IPAD = NO;
				SWIFT_EMIT_LOC_STRINGS = YES;
				SWIFT_VERSION = 5.0;
				TARGETED_DEVICE_FAMILY = "1,2";
			};
			name = Debug;
		};
		46C6EDF1296836DC00295676 /* Release */ = {
			isa = XCBuildConfiguration;
			baseConfigurationReference = E8E002D2F2D841EA4C7141A4 /* Pods-Popular Movies.release.xcconfig */;
			buildSettings = {
				ASSETCATALOG_COMPILER_APPICON_NAME = AppIcon;
				ASSETCATALOG_COMPILER_GLOBAL_ACCENT_COLOR_NAME = AccentColor;
				CODE_SIGN_STYLE = Automatic;
				CURRENT_PROJECT_VERSION = 1;
				DEVELOPMENT_TEAM = 2L2N455LK4;
				GENERATE_INFOPLIST_FILE = YES;
				INFOPLIST_FILE = "Popular Movies/Resources/Info.plist";
				INFOPLIST_KEY_UIApplicationSupportsIndirectInputEvents = YES;
				INFOPLIST_KEY_UILaunchStoryboardName = LaunchScreen;
				INFOPLIST_KEY_UISupportedInterfaceOrientations = UIInterfaceOrientationPortrait;
				INFOPLIST_KEY_UISupportedInterfaceOrientations_iPad = "UIInterfaceOrientationLandscapeLeft UIInterfaceOrientationLandscapeRight UIInterfaceOrientationPortrait UIInterfaceOrientationPortraitUpsideDown";
				IPHONEOS_DEPLOYMENT_TARGET = 13.0;
				LD_RUNPATH_SEARCH_PATHS = (
					"$(inherited)",
					"@executable_path/Frameworks",
				);
				MARKETING_VERSION = 1.0;
				PRODUCT_BUNDLE_IDENTIFIER = "com.MyPersonalTeam.Popular-Movies";
				PRODUCT_NAME = "$(TARGET_NAME)";
				SUPPORTED_PLATFORMS = "iphoneos iphonesimulator";
				SUPPORTS_MACCATALYST = NO;
				SUPPORTS_MAC_DESIGNED_FOR_IPHONE_IPAD = NO;
				SWIFT_EMIT_LOC_STRINGS = YES;
				SWIFT_VERSION = 5.0;
				TARGETED_DEVICE_FAMILY = "1,2";
			};
			name = Release;
		};
/* End XCBuildConfiguration section */

/* Begin XCConfigurationList section */
		46C6EDD6296836DC00295676 /* Build configuration list for PBXProject "Popular Movies" */ = {
			isa = XCConfigurationList;
			buildConfigurations = (
				46C6EDED296836DC00295676 /* Debug */,
				46C6EDEE296836DC00295676 /* Release */,
			);
			defaultConfigurationIsVisible = 0;
			defaultConfigurationName = Release;
		};
		46C6EDEF296836DC00295676 /* Build configuration list for PBXNativeTarget "Popular Movies" */ = {
			isa = XCConfigurationList;
			buildConfigurations = (
				46C6EDF0296836DC00295676 /* Debug */,
				46C6EDF1296836DC00295676 /* Release */,
			);
			defaultConfigurationIsVisible = 0;
			defaultConfigurationName = Release;
		};
/* End XCConfigurationList section */
	};
	rootObject = 46C6EDD3296836DC00295676 /* Project object */;
}
